
Microsoft Visual Studio Solution File, Format Version 12.00
# Visual Studio 15
VisualStudioVersion = 15.0.28010.2026
MinimumVisualStudioVersion = 10.0.40219.1
Project("{2150E333-8FDC-42A3-9474-1A3956D46DE8}") = "HomeMade", "HomeMade", "{BF31115D-F30D-4552-AEFC-89B0CD592BFA}"
EndProject
Project("{9A19103F-16F7-4668-BE54-9A1E7A4F7556}") = "Client1", "HomeMade\Client1\Client1.csproj", "{FC08250B-B7D6-45F7-B097-7A39CC543F21}"
EndProject
Project("{9A19103F-16F7-4668-BE54-9A1E7A4F7556}") = "WebServer", "HomeMade\WebServer\WebServer.csproj", "{3FE21946-7F0D-4623-B57F-84EF187611DF}"
EndProject
Project("{9A19103F-16F7-4668-BE54-9A1E7A4F7556}") = "Client2", "Client2\Client2.csproj", "{49807E06-DBAE-46B7-9983-3E452024F686}"
EndProject
Project("{FAE04EC0-301F-11D3-BF4B-00C04F79EFBC}") = "XamarinClient.Android", "HomeMade\XamarinClient\XamarinClient.Android\XamarinClient.Android.csproj", "{1786F76F-7BA7-4650-9675-B54896040DB8}"
EndProject
Project("{FAE04EC0-301F-11D3-BF4B-00C04F79EFBC}") = "XamarinClient.iOS", "HomeMade\XamarinClient\XamarinClient.iOS\XamarinClient.iOS.csproj", "{7C67D7C1-34DE-4C2E-9EAC-0ADD8C72A5C6}"
EndProject
Project("{9A19103F-16F7-4668-BE54-9A1E7A4F7556}") = "XamarinClient", "HomeMade\XamarinClient\XamarinClient\XamarinClient.csproj", "{BA4E8A1F-1C37-4FA9-A7A7-A00026D2D8E3}"
EndProject
Project("{FAE04EC0-301F-11D3-BF4B-00C04F79EFBC}") = "Common", "Common\Common.csproj", "{AEA4F198-C1A2-4AE3-8EE8-1289A5C5DB3B}"
EndProject
Global
	GlobalSection(SolutionConfigurationPlatforms) = preSolution
		Ad-Hoc|Any CPU = Ad-Hoc|Any CPU
		Ad-Hoc|iPhone = Ad-Hoc|iPhone
		Ad-Hoc|iPhoneSimulator = Ad-Hoc|iPhoneSimulator
		AppStore|Any CPU = AppStore|Any CPU
		AppStore|iPhone = AppStore|iPhone
		AppStore|iPhoneSimulator = AppStore|iPhoneSimulator
		Debug|Any CPU = Debug|Any CPU
		Debug|iPhone = Debug|iPhone
		Debug|iPhoneSimulator = Debug|iPhoneSimulator
		Release|Any CPU = Release|Any CPU
		Release|iPhone = Release|iPhone
		Release|iPhoneSimulator = Release|iPhoneSimulator
	EndGlobalSection
	GlobalSection(ProjectConfigurationPlatforms) = postSolution
		{FC08250B-B7D6-45F7-B097-7A39CC543F21}.Ad-Hoc|Any CPU.ActiveCfg = Release|Any CPU
		{FC08250B-B7D6-45F7-B097-7A39CC543F21}.Ad-Hoc|Any CPU.Build.0 = Release|Any CPU
		{FC08250B-B7D6-45F7-B097-7A39CC543F21}.Ad-Hoc|iPhone.ActiveCfg = Release|Any CPU
		{FC08250B-B7D6-45F7-B097-7A39CC543F21}.Ad-Hoc|iPhone.Build.0 = Release|Any CPU
		{FC08250B-B7D6-45F7-B097-7A39CC543F21}.Ad-Hoc|iPhoneSimulator.ActiveCfg = Release|Any CPU
		{FC08250B-B7D6-45F7-B097-7A39CC543F21}.Ad-Hoc|iPhoneSimulator.Build.0 = Release|Any CPU
		{FC08250B-B7D6-45F7-B097-7A39CC543F21}.AppStore|Any CPU.ActiveCfg = Release|Any CPU
		{FC08250B-B7D6-45F7-B097-7A39CC543F21}.AppStore|Any CPU.Build.0 = Release|Any CPU
		{FC08250B-B7D6-45F7-B097-7A39CC543F21}.AppStore|iPhone.ActiveCfg = Release|Any CPU
		{FC08250B-B7D6-45F7-B097-7A39CC543F21}.AppStore|iPhone.Build.0 = Release|Any CPU
		{FC08250B-B7D6-45F7-B097-7A39CC543F21}.AppStore|iPhoneSimulator.ActiveCfg = Release|Any CPU
		{FC08250B-B7D6-45F7-B097-7A39CC543F21}.AppStore|iPhoneSimulator.Build.0 = Release|Any CPU
		{FC08250B-B7D6-45F7-B097-7A39CC543F21}.Debug|Any CPU.ActiveCfg = Debug|Any CPU
		{FC08250B-B7D6-45F7-B097-7A39CC543F21}.Debug|Any CPU.Build.0 = Debug|Any CPU
		{FC08250B-B7D6-45F7-B097-7A39CC543F21}.Debug|iPhone.ActiveCfg = Debug|Any CPU
		{FC08250B-B7D6-45F7-B097-7A39CC543F21}.Debug|iPhone.Build.0 = Debug|Any CPU
		{FC08250B-B7D6-45F7-B097-7A39CC543F21}.Debug|iPhoneSimulator.ActiveCfg = Debug|Any CPU
		{FC08250B-B7D6-45F7-B097-7A39CC543F21}.Debug|iPhoneSimulator.Build.0 = Debug|Any CPU
		{FC08250B-B7D6-45F7-B097-7A39CC543F21}.Release|Any CPU.ActiveCfg = Release|Any CPU
		{FC08250B-B7D6-45F7-B097-7A39CC543F21}.Release|Any CPU.Build.0 = Release|Any CPU
		{FC08250B-B7D6-45F7-B097-7A39CC543F21}.Release|iPhone.ActiveCfg = Release|Any CPU
		{FC08250B-B7D6-45F7-B097-7A39CC543F21}.Release|iPhone.Build.0 = Release|Any CPU
		{FC08250B-B7D6-45F7-B097-7A39CC543F21}.Release|iPhoneSimulator.ActiveCfg = Release|Any CPU
		{FC08250B-B7D6-45F7-B097-7A39CC543F21}.Release|iPhoneSimulator.Build.0 = Release|Any CPU
		{3FE21946-7F0D-4623-B57F-84EF187611DF}.Ad-Hoc|Any CPU.ActiveCfg = Release|Any CPU
		{3FE21946-7F0D-4623-B57F-84EF187611DF}.Ad-Hoc|Any CPU.Build.0 = Release|Any CPU
		{3FE21946-7F0D-4623-B57F-84EF187611DF}.Ad-Hoc|iPhone.ActiveCfg = Release|Any CPU
		{3FE21946-7F0D-4623-B57F-84EF187611DF}.Ad-Hoc|iPhone.Build.0 = Release|Any CPU
		{3FE21946-7F0D-4623-B57F-84EF187611DF}.Ad-Hoc|iPhoneSimulator.ActiveCfg = Release|Any CPU
		{3FE21946-7F0D-4623-B57F-84EF187611DF}.Ad-Hoc|iPhoneSimulator.Build.0 = Release|Any CPU
		{3FE21946-7F0D-4623-B57F-84EF187611DF}.AppStore|Any CPU.ActiveCfg = Release|Any CPU
		{3FE21946-7F0D-4623-B57F-84EF187611DF}.AppStore|Any CPU.Build.0 = Release|Any CPU
		{3FE21946-7F0D-4623-B57F-84EF187611DF}.AppStore|iPhone.ActiveCfg = Release|Any CPU
		{3FE21946-7F0D-4623-B57F-84EF187611DF}.AppStore|iPhone.Build.0 = Release|Any CPU
		{3FE21946-7F0D-4623-B57F-84EF187611DF}.AppStore|iPhoneSimulator.ActiveCfg = Release|Any CPU
		{3FE21946-7F0D-4623-B57F-84EF187611DF}.AppStore|iPhoneSimulator.Build.0 = Release|Any CPU
		{3FE21946-7F0D-4623-B57F-84EF187611DF}.Debug|Any CPU.ActiveCfg = Debug|Any CPU
		{3FE21946-7F0D-4623-B57F-84EF187611DF}.Debug|Any CPU.Build.0 = Debug|Any CPU
		{3FE21946-7F0D-4623-B57F-84EF187611DF}.Debug|iPhone.ActiveCfg = Debug|Any CPU
		{3FE21946-7F0D-4623-B57F-84EF187611DF}.Debug|iPhone.Build.0 = Debug|Any CPU
		{3FE21946-7F0D-4623-B57F-84EF187611DF}.Debug|iPhoneSimulator.ActiveCfg = Debug|Any CPU
		{3FE21946-7F0D-4623-B57F-84EF187611DF}.Debug|iPhoneSimulator.Build.0 = Debug|Any CPU
		{3FE21946-7F0D-4623-B57F-84EF187611DF}.Release|Any CPU.ActiveCfg = Release|Any CPU
		{3FE21946-7F0D-4623-B57F-84EF187611DF}.Release|Any CPU.Build.0 = Release|Any CPU
		{3FE21946-7F0D-4623-B57F-84EF187611DF}.Release|iPhone.ActiveCfg = Release|Any CPU
		{3FE21946-7F0D-4623-B57F-84EF187611DF}.Release|iPhone.Build.0 = Release|Any CPU
		{3FE21946-7F0D-4623-B57F-84EF187611DF}.Release|iPhoneSimulator.ActiveCfg = Release|Any CPU
		{3FE21946-7F0D-4623-B57F-84EF187611DF}.Release|iPhoneSimulator.Build.0 = Release|Any CPU
		{49807E06-DBAE-46B7-9983-3E452024F686}.Ad-Hoc|Any CPU.ActiveCfg = Release|Any CPU
		{49807E06-DBAE-46B7-9983-3E452024F686}.Ad-Hoc|Any CPU.Build.0 = Release|Any CPU
		{49807E06-DBAE-46B7-9983-3E452024F686}.Ad-Hoc|iPhone.ActiveCfg = Release|Any CPU
		{49807E06-DBAE-46B7-9983-3E452024F686}.Ad-Hoc|iPhone.Build.0 = Release|Any CPU
		{49807E06-DBAE-46B7-9983-3E452024F686}.Ad-Hoc|iPhoneSimulator.ActiveCfg = Release|Any CPU
		{49807E06-DBAE-46B7-9983-3E452024F686}.Ad-Hoc|iPhoneSimulator.Build.0 = Release|Any CPU
		{49807E06-DBAE-46B7-9983-3E452024F686}.AppStore|Any CPU.ActiveCfg = Release|Any CPU
		{49807E06-DBAE-46B7-9983-3E452024F686}.AppStore|Any CPU.Build.0 = Release|Any CPU
		{49807E06-DBAE-46B7-9983-3E452024F686}.AppStore|iPhone.ActiveCfg = Release|Any CPU
		{49807E06-DBAE-46B7-9983-3E452024F686}.AppStore|iPhone.Build.0 = Release|Any CPU
		{49807E06-DBAE-46B7-9983-3E452024F686}.AppStore|iPhoneSimulator.ActiveCfg = Release|Any CPU
		{49807E06-DBAE-46B7-9983-3E452024F686}.AppStore|iPhoneSimulator.Build.0 = Release|Any CPU
		{49807E06-DBAE-46B7-9983-3E452024F686}.Debug|Any CPU.ActiveCfg = Debug|Any CPU
		{49807E06-DBAE-46B7-9983-3E452024F686}.Debug|Any CPU.Build.0 = Debug|Any CPU
		{49807E06-DBAE-46B7-9983-3E452024F686}.Debug|iPhone.ActiveCfg = Debug|Any CPU
		{49807E06-DBAE-46B7-9983-3E452024F686}.Debug|iPhone.Build.0 = Debug|Any CPU
		{49807E06-DBAE-46B7-9983-3E452024F686}.Debug|iPhoneSimulator.ActiveCfg = Debug|Any CPU
		{49807E06-DBAE-46B7-9983-3E452024F686}.Debug|iPhoneSimulator.Build.0 = Debug|Any CPU
		{49807E06-DBAE-46B7-9983-3E452024F686}.Release|Any CPU.ActiveCfg = Release|Any CPU
		{49807E06-DBAE-46B7-9983-3E452024F686}.Release|Any CPU.Build.0 = Release|Any CPU
		{49807E06-DBAE-46B7-9983-3E452024F686}.Release|iPhone.ActiveCfg = Release|Any CPU
		{49807E06-DBAE-46B7-9983-3E452024F686}.Release|iPhone.Build.0 = Release|Any CPU
		{49807E06-DBAE-46B7-9983-3E452024F686}.Release|iPhoneSimulator.ActiveCfg = Release|Any CPU
		{49807E06-DBAE-46B7-9983-3E452024F686}.Release|iPhoneSimulator.Build.0 = Release|Any CPU
		{1786F76F-7BA7-4650-9675-B54896040DB8}.Ad-Hoc|Any CPU.ActiveCfg = Release|Any CPU
		{1786F76F-7BA7-4650-9675-B54896040DB8}.Ad-Hoc|Any CPU.Build.0 = Release|Any CPU
		{1786F76F-7BA7-4650-9675-B54896040DB8}.Ad-Hoc|Any CPU.Deploy.0 = Release|Any CPU
		{1786F76F-7BA7-4650-9675-B54896040DB8}.Ad-Hoc|iPhone.ActiveCfg = Release|Any CPU
		{1786F76F-7BA7-4650-9675-B54896040DB8}.Ad-Hoc|iPhone.Build.0 = Release|Any CPU
		{1786F76F-7BA7-4650-9675-B54896040DB8}.Ad-Hoc|iPhone.Deploy.0 = Release|Any CPU
		{1786F76F-7BA7-4650-9675-B54896040DB8}.Ad-Hoc|iPhoneSimulator.ActiveCfg = Release|Any CPU
		{1786F76F-7BA7-4650-9675-B54896040DB8}.Ad-Hoc|iPhoneSimulator.Build.0 = Release|Any CPU
		{1786F76F-7BA7-4650-9675-B54896040DB8}.Ad-Hoc|iPhoneSimulator.Deploy.0 = Release|Any CPU
		{1786F76F-7BA7-4650-9675-B54896040DB8}.AppStore|Any CPU.ActiveCfg = Release|Any CPU
		{1786F76F-7BA7-4650-9675-B54896040DB8}.AppStore|Any CPU.Build.0 = Release|Any CPU
		{1786F76F-7BA7-4650-9675-B54896040DB8}.AppStore|Any CPU.Deploy.0 = Release|Any CPU
		{1786F76F-7BA7-4650-9675-B54896040DB8}.AppStore|iPhone.ActiveCfg = Release|Any CPU
		{1786F76F-7BA7-4650-9675-B54896040DB8}.AppStore|iPhone.Build.0 = Release|Any CPU
		{1786F76F-7BA7-4650-9675-B54896040DB8}.AppStore|iPhone.Deploy.0 = Release|Any CPU
		{1786F76F-7BA7-4650-9675-B54896040DB8}.AppStore|iPhoneSimulator.ActiveCfg = Release|Any CPU
		{1786F76F-7BA7-4650-9675-B54896040DB8}.AppStore|iPhoneSimulator.Build.0 = Release|Any CPU
		{1786F76F-7BA7-4650-9675-B54896040DB8}.AppStore|iPhoneSimulator.Deploy.0 = Release|Any CPU
		{1786F76F-7BA7-4650-9675-B54896040DB8}.Debug|Any CPU.ActiveCfg = Debug|Any CPU
		{1786F76F-7BA7-4650-9675-B54896040DB8}.Debug|Any CPU.Build.0 = Debug|Any CPU
		{1786F76F-7BA7-4650-9675-B54896040DB8}.Debug|Any CPU.Deploy.0 = Debug|Any CPU
		{1786F76F-7BA7-4650-9675-B54896040DB8}.Debug|iPhone.ActiveCfg = Debug|Any CPU
		{1786F76F-7BA7-4650-9675-B54896040DB8}.Debug|iPhone.Build.0 = Debug|Any CPU
		{1786F76F-7BA7-4650-9675-B54896040DB8}.Debug|iPhone.Deploy.0 = Debug|Any CPU
		{1786F76F-7BA7-4650-9675-B54896040DB8}.Debug|iPhoneSimulator.ActiveCfg = Debug|Any CPU
		{1786F76F-7BA7-4650-9675-B54896040DB8}.Debug|iPhoneSimulator.Build.0 = Debug|Any CPU
		{1786F76F-7BA7-4650-9675-B54896040DB8}.Debug|iPhoneSimulator.Deploy.0 = Debug|Any CPU
		{1786F76F-7BA7-4650-9675-B54896040DB8}.Release|Any CPU.ActiveCfg = Release|Any CPU
		{1786F76F-7BA7-4650-9675-B54896040DB8}.Release|Any CPU.Build.0 = Release|Any CPU
		{1786F76F-7BA7-4650-9675-B54896040DB8}.Release|Any CPU.Deploy.0 = Release|Any CPU
		{1786F76F-7BA7-4650-9675-B54896040DB8}.Release|iPhone.ActiveCfg = Release|Any CPU
		{1786F76F-7BA7-4650-9675-B54896040DB8}.Release|iPhone.Build.0 = Release|Any CPU
		{1786F76F-7BA7-4650-9675-B54896040DB8}.Release|iPhone.Deploy.0 = Release|Any CPU
		{1786F76F-7BA7-4650-9675-B54896040DB8}.Release|iPhoneSimulator.ActiveCfg = Release|Any CPU
		{1786F76F-7BA7-4650-9675-B54896040DB8}.Release|iPhoneSimulator.Build.0 = Release|Any CPU
		{1786F76F-7BA7-4650-9675-B54896040DB8}.Release|iPhoneSimulator.Deploy.0 = Release|Any CPU
		{7C67D7C1-34DE-4C2E-9EAC-0ADD8C72A5C6}.Ad-Hoc|Any CPU.ActiveCfg = Ad-Hoc|iPhone
		{7C67D7C1-34DE-4C2E-9EAC-0ADD8C72A5C6}.Ad-Hoc|iPhone.ActiveCfg = Ad-Hoc|iPhone
		{7C67D7C1-34DE-4C2E-9EAC-0ADD8C72A5C6}.Ad-Hoc|iPhone.Build.0 = Ad-Hoc|iPhone
		{7C67D7C1-34DE-4C2E-9EAC-0ADD8C72A5C6}.Ad-Hoc|iPhoneSimulator.ActiveCfg = Ad-Hoc|iPhoneSimulator
		{7C67D7C1-34DE-4C2E-9EAC-0ADD8C72A5C6}.Ad-Hoc|iPhoneSimulator.Build.0 = Ad-Hoc|iPhoneSimulator
		{7C67D7C1-34DE-4C2E-9EAC-0ADD8C72A5C6}.AppStore|Any CPU.ActiveCfg = AppStore|iPhone
		{7C67D7C1-34DE-4C2E-9EAC-0ADD8C72A5C6}.AppStore|iPhone.ActiveCfg = AppStore|iPhone
		{7C67D7C1-34DE-4C2E-9EAC-0ADD8C72A5C6}.AppStore|iPhone.Build.0 = AppStore|iPhone
		{7C67D7C1-34DE-4C2E-9EAC-0ADD8C72A5C6}.AppStore|iPhoneSimulator.ActiveCfg = AppStore|iPhoneSimulator
		{7C67D7C1-34DE-4C2E-9EAC-0ADD8C72A5C6}.AppStore|iPhoneSimulator.Build.0 = AppStore|iPhoneSimulator
		{7C67D7C1-34DE-4C2E-9EAC-0ADD8C72A5C6}.Debug|Any CPU.ActiveCfg = Debug|iPhone
		{7C67D7C1-34DE-4C2E-9EAC-0ADD8C72A5C6}.Debug|iPhone.ActiveCfg = Debug|iPhone
		{7C67D7C1-34DE-4C2E-9EAC-0ADD8C72A5C6}.Debug|iPhone.Build.0 = Debug|iPhone
		{7C67D7C1-34DE-4C2E-9EAC-0ADD8C72A5C6}.Debug|iPhoneSimulator.ActiveCfg = Debug|iPhoneSimulator
		{7C67D7C1-34DE-4C2E-9EAC-0ADD8C72A5C6}.Debug|iPhoneSimulator.Build.0 = Debug|iPhoneSimulator
		{7C67D7C1-34DE-4C2E-9EAC-0ADD8C72A5C6}.Release|Any CPU.ActiveCfg = Release|iPhone
		{7C67D7C1-34DE-4C2E-9EAC-0ADD8C72A5C6}.Release|iPhone.ActiveCfg = Release|iPhone
		{7C67D7C1-34DE-4C2E-9EAC-0ADD8C72A5C6}.Release|iPhone.Build.0 = Release|iPhone
		{7C67D7C1-34DE-4C2E-9EAC-0ADD8C72A5C6}.Release|iPhoneSimulator.ActiveCfg = Release|iPhoneSimulator
		{7C67D7C1-34DE-4C2E-9EAC-0ADD8C72A5C6}.Release|iPhoneSimulator.Build.0 = Release|iPhoneSimulator
		{BA4E8A1F-1C37-4FA9-A7A7-A00026D2D8E3}.Ad-Hoc|Any CPU.ActiveCfg = Debug|Any CPU
		{BA4E8A1F-1C37-4FA9-A7A7-A00026D2D8E3}.Ad-Hoc|Any CPU.Build.0 = Debug|Any CPU
		{BA4E8A1F-1C37-4FA9-A7A7-A00026D2D8E3}.Ad-Hoc|iPhone.ActiveCfg = Debug|Any CPU
		{BA4E8A1F-1C37-4FA9-A7A7-A00026D2D8E3}.Ad-Hoc|iPhone.Build.0 = Debug|Any CPU
		{BA4E8A1F-1C37-4FA9-A7A7-A00026D2D8E3}.Ad-Hoc|iPhoneSimulator.ActiveCfg = Debug|Any CPU
		{BA4E8A1F-1C37-4FA9-A7A7-A00026D2D8E3}.Ad-Hoc|iPhoneSimulator.Build.0 = Debug|Any CPU
		{BA4E8A1F-1C37-4FA9-A7A7-A00026D2D8E3}.AppStore|Any CPU.ActiveCfg = Debug|Any CPU
		{BA4E8A1F-1C37-4FA9-A7A7-A00026D2D8E3}.AppStore|Any CPU.Build.0 = Debug|Any CPU
		{BA4E8A1F-1C37-4FA9-A7A7-A00026D2D8E3}.AppStore|iPhone.ActiveCfg = Debug|Any CPU
		{BA4E8A1F-1C37-4FA9-A7A7-A00026D2D8E3}.AppStore|iPhone.Build.0 = Debug|Any CPU
		{BA4E8A1F-1C37-4FA9-A7A7-A00026D2D8E3}.AppStore|iPhoneSimulator.ActiveCfg = Debug|Any CPU
		{BA4E8A1F-1C37-4FA9-A7A7-A00026D2D8E3}.AppStore|iPhoneSimulator.Build.0 = Debug|Any CPU
		{BA4E8A1F-1C37-4FA9-A7A7-A00026D2D8E3}.Debug|Any CPU.ActiveCfg = Debug|Any CPU
		{BA4E8A1F-1C37-4FA9-A7A7-A00026D2D8E3}.Debug|Any CPU.Build.0 = Debug|Any CPU
		{BA4E8A1F-1C37-4FA9-A7A7-A00026D2D8E3}.Debug|iPhone.ActiveCfg = Debug|Any CPU
		{BA4E8A1F-1C37-4FA9-A7A7-A00026D2D8E3}.Debug|iPhone.Build.0 = Debug|Any CPU
		{BA4E8A1F-1C37-4FA9-A7A7-A00026D2D8E3}.Debug|iPhoneSimulator.ActiveCfg = Debug|Any CPU
		{BA4E8A1F-1C37-4FA9-A7A7-A00026D2D8E3}.Debug|iPhoneSimulator.Build.0 = Debug|Any CPU
		{BA4E8A1F-1C37-4FA9-A7A7-A00026D2D8E3}.Release|Any CPU.ActiveCfg = Release|Any CPU
		{BA4E8A1F-1C37-4FA9-A7A7-A00026D2D8E3}.Release|Any CPU.Build.0 = Release|Any CPU
		{BA4E8A1F-1C37-4FA9-A7A7-A00026D2D8E3}.Release|iPhone.ActiveCfg = Release|Any CPU
		{BA4E8A1F-1C37-4FA9-A7A7-A00026D2D8E3}.Release|iPhone.Build.0 = Release|Any CPU
		{BA4E8A1F-1C37-4FA9-A7A7-A00026D2D8E3}.Release|iPhoneSimulator.ActiveCfg = Release|Any CPU
		{BA4E8A1F-1C37-4FA9-A7A7-A00026D2D8E3}.Release|iPhoneSimulator.Build.0 = Release|Any CPU
		{AEA4F198-C1A2-4AE3-8EE8-1289A5C5DB3B}.Ad-Hoc|Any CPU.ActiveCfg = Debug|Any CPU
		{AEA4F198-C1A2-4AE3-8EE8-1289A5C5DB3B}.Ad-Hoc|Any CPU.Build.0 = Debug|Any CPU
		{AEA4F198-C1A2-4AE3-8EE8-1289A5C5DB3B}.Ad-Hoc|iPhone.ActiveCfg = Debug|Any CPU
		{AEA4F198-C1A2-4AE3-8EE8-1289A5C5DB3B}.Ad-Hoc|iPhone.Build.0 = Debug|Any CPU
		{AEA4F198-C1A2-4AE3-8EE8-1289A5C5DB3B}.Ad-Hoc|iPhoneSimulator.ActiveCfg = Debug|Any CPU
		{AEA4F198-C1A2-4AE3-8EE8-1289A5C5DB3B}.Ad-Hoc|iPhoneSimulator.Build.0 = Debug|Any CPU
		{AEA4F198-C1A2-4AE3-8EE8-1289A5C5DB3B}.AppStore|Any CPU.ActiveCfg = Debug|Any CPU
		{AEA4F198-C1A2-4AE3-8EE8-1289A5C5DB3B}.AppStore|Any CPU.Build.0 = Debug|Any CPU
		{AEA4F198-C1A2-4AE3-8EE8-1289A5C5DB3B}.AppStore|iPhone.ActiveCfg = Debug|Any CPU
		{AEA4F198-C1A2-4AE3-8EE8-1289A5C5DB3B}.AppStore|iPhone.Build.0 = Debug|Any CPU
		{AEA4F198-C1A2-4AE3-8EE8-1289A5C5DB3B}.AppStore|iPhoneSimulator.ActiveCfg = Debug|Any CPU
		{AEA4F198-C1A2-4AE3-8EE8-1289A5C5DB3B}.AppStore|iPhoneSimulator.Build.0 = Debug|Any CPU
		{AEA4F198-C1A2-4AE3-8EE8-1289A5C5DB3B}.Debug|Any CPU.ActiveCfg = Debug|Any CPU
		{AEA4F198-C1A2-4AE3-8EE8-1289A5C5DB3B}.Debug|Any CPU.Build.0 = Debug|Any CPU
		{AEA4F198-C1A2-4AE3-8EE8-1289A5C5DB3B}.Debug|iPhone.ActiveCfg = Debug|Any CPU
		{AEA4F198-C1A2-4AE3-8EE8-1289A5C5DB3B}.Debug|iPhone.Build.0 = Debug|Any CPU
		{AEA4F198-C1A2-4AE3-8EE8-1289A5C5DB3B}.Debug|iPhoneSimulator.ActiveCfg = Debug|Any CPU
		{AEA4F198-C1A2-4AE3-8EE8-1289A5C5DB3B}.Debug|iPhoneSimulator.Build.0 = Debug|Any CPU
		{AEA4F198-C1A2-4AE3-8EE8-1289A5C5DB3B}.Release|Any CPU.ActiveCfg = Release|Any CPU
		{AEA4F198-C1A2-4AE3-8EE8-1289A5C5DB3B}.Release|Any CPU.Build.0 = Release|Any CPU
		{AEA4F198-C1A2-4AE3-8EE8-1289A5C5DB3B}.Release|iPhone.ActiveCfg = Release|Any CPU
		{AEA4F198-C1A2-4AE3-8EE8-1289A5C5DB3B}.Release|iPhone.Build.0 = Release|Any CPU
		{AEA4F198-C1A2-4AE3-8EE8-1289A5C5DB3B}.Release|iPhoneSimulator.ActiveCfg = Release|Any CPU
		{AEA4F198-C1A2-4AE3-8EE8-1289A5C5DB3B}.Release|iPhoneSimulator.Build.0 = Release|Any CPU
	EndGlobalSection
	GlobalSection(SolutionProperties) = preSolution
		HideSolutionNode = FALSE
	EndGlobalSection
	GlobalSection(NestedProjects) = preSolution
		{FC08250B-B7D6-45F7-B097-7A39CC543F21} = {BF31115D-F30D-4552-AEFC-89B0CD592BFA}
		{3FE21946-7F0D-4623-B57F-84EF187611DF} = {BF31115D-F30D-4552-AEFC-89B0CD592BFA}
		{49807E06-DBAE-46B7-9983-3E452024F686} = {BF31115D-F30D-4552-AEFC-89B0CD592BFA}
		{1786F76F-7BA7-4650-9675-B54896040DB8} = {BF31115D-F30D-4552-AEFC-89B0CD592BFA}
	EndGlobalSection
	GlobalSection(ExtensibilityGlobals) = postSolution
		SolutionGuid = {BF1A95B0-2CB6-4891-8E65-497EFF9839D2}
	EndGlobalSection
EndGlobal
